<?xml version="1.0" encoding="utf-8"?>
<Project ToolsVersion="4.0" xmlns="http://schemas.microsoft.com/developer/msbuild/2003">
  <ItemGroup>
    <Filter Include="Source Files">
      <UniqueIdentifier>{d495ecd5-07a4-4ce7-b2e8-d6fb2769c6a4}</UniqueIdentifier>
      <Extensions>cpp;c;cc;cxx;def;odl;idl;hpj;bat;asm;asmx</Extensions>
    </Filter>
    <Filter Include="Header Files">
      <UniqueIdentifier>{42486039-611c-4225-8eee-47878c9d54b2}</UniqueIdentifier>
      <Extensions>h;hpp;hxx;hm;inl;inc;xsd</Extensions>
    </Filter>
    <Filter Include="Resource Files">
      <UniqueIdentifier>{9115cc8f-6c25-4e65-bf6b-f0aeb5808399}</UniqueIdentifier>
      <Extensions>rc;ico;cur;bmp;dlg;rc2;rct;bin;rgs;gif;jpg;jpeg</Extensions>
    </Filter>
    <Filter Include="OpenCL Files">
      <UniqueIdentifier>{2aca04d5-0110-4b2e-a570-70abc6332869}</UniqueIdentifier>
      <Extensions>cl</Extensions>
    </Filter>
  </ItemGroup>
  <ItemGroup>
    <Intel_OpenCL_Build_Rules Include="simple.cl">
      <Filter>OpenCL Files</Filter>
    </Intel_OpenCL_Build_Rules>
  </ItemGroup>
  <ItemGroup>
    <ClCompile Include="main.c">
      <Filter>Source Files</Filter>
    </ClCompile>
  </ItemGroup>
</Project>